// !$*UTF8*$!
{
	archiveVersion = 1;
	classes = {
	};
	objectVersion = 46;
	objects = {

/* Begin PBXBuildFile section */
		B700A4DF1DC8700F00DF6F95 /* InfiniteScrollActivityView.swift in Sources */ = {isa = PBXBuildFile; fileRef = B700A4DE1DC8700F00DF6F95 /* InfiniteScrollActivityView.swift */; };
		B72209451DC50657000B446C /* NSDate+Relative.swift in Sources */ = {isa = PBXBuildFile; fileRef = B72209441DC50657000B446C /* NSDate+Relative.swift */; };
		B72209471DC515D1000B446C /* SingleViewController.swift in Sources */ = {isa = PBXBuildFile; fileRef = B72209461DC515D1000B446C /* SingleViewController.swift */; };
		B72209491DC5162E000B446C /* ComposeViewController.swift in Sources */ = {isa = PBXBuildFile; fileRef = B72209481DC5162E000B446C /* ComposeViewController.swift */; };
		B79456A51DC1CCA0002DCC76 /* User.swift in Sources */ = {isa = PBXBuildFile; fileRef = B79456A41DC1CC9F002DCC76 /* User.swift */; };
		B79456A71DC1CDAE002DCC76 /* Tweet.swift in Sources */ = {isa = PBXBuildFile; fileRef = B79456A61DC1CDAE002DCC76 /* Tweet.swift */; };
		B79456AB1DC25158002DCC76 /* TwitterClient.swift in Sources */ = {isa = PBXBuildFile; fileRef = B79456AA1DC25158002DCC76 /* TwitterClient.swift */; };
		B79456AD1DC25C16002DCC76 /* TweetsViewController.swift in Sources */ = {isa = PBXBuildFile; fileRef = B79456AC1DC25C16002DCC76 /* TweetsViewController.swift */; };
		B79456D81DC33E0A002DCC76 /* TweetTableViewCell.swift in Sources */ = {isa = PBXBuildFile; fileRef = B79456D71DC33E0A002DCC76 /* TweetTableViewCell.swift */; };
		B7F5AF071DC080B0001FDBD2 /* AppDelegate.swift in Sources */ = {isa = PBXBuildFile; fileRef = B7F5AF061DC080B0001FDBD2 /* AppDelegate.swift */; };
		B7F5AF0C1DC080B0001FDBD2 /* Main.storyboard in Resources */ = {isa = PBXBuildFile; fileRef = B7F5AF0A1DC080B0001FDBD2 /* Main.storyboard */; };
		B7F5AF0E1DC080B0001FDBD2 /* Assets.xcassets in Resources */ = {isa = PBXBuildFile; fileRef = B7F5AF0D1DC080B0001FDBD2 /* Assets.xcassets */; };
		B7F5AF111DC080B0001FDBD2 /* LaunchScreen.storyboard in Resources */ = {isa = PBXBuildFile; fileRef = B7F5AF0F1DC080B0001FDBD2 /* LaunchScreen.storyboard */; };
		B7F5AF191DC082A9001FDBD2 /* LoginViewController.swift in Sources */ = {isa = PBXBuildFile; fileRef = B7F5AF181DC082A9001FDBD2 /* LoginViewController.swift */; };
		C5FCCC98C9498F1FEC0BB77E /* Pods_Twitter.framework in Frameworks */ = {isa = PBXBuildFile; fileRef = F9A86DE73B4D76CC5776327A /* Pods_Twitter.framework */; };
/* End PBXBuildFile section */

/* Begin PBXFileReference section */
		B700A4DE1DC8700F00DF6F95 /* InfiniteScrollActivityView.swift */ = {isa = PBXFileReference; fileEncoding = 4; lastKnownFileType = sourcecode.swift; path = InfiniteScrollActivityView.swift; sourceTree = "<group>"; };
		B72209441DC50657000B446C /* NSDate+Relative.swift */ = {isa = PBXFileReference; fileEncoding = 4; lastKnownFileType = sourcecode.swift; name = "NSDate+Relative.swift"; path = "../NSDate+Relative.swift"; sourceTree = "<group>"; };
		B72209461DC515D1000B446C /* SingleViewController.swift */ = {isa = PBXFileReference; fileEncoding = 4; lastKnownFileType = sourcecode.swift; path = SingleViewController.swift; sourceTree = "<group>"; };
		B72209481DC5162E000B446C /* ComposeViewController.swift */ = {isa = PBXFileReference; fileEncoding = 4; lastKnownFileType = sourcecode.swift; path = ComposeViewController.swift; sourceTree = "<group>"; };
		B79456A41DC1CC9F002DCC76 /* User.swift */ = {isa = PBXFileReference; fileEncoding = 4; lastKnownFileType = sourcecode.swift; path = User.swift; sourceTree = "<group>"; };
		B79456A61DC1CDAE002DCC76 /* Tweet.swift */ = {isa = PBXFileReference; fileEncoding = 4; lastKnownFileType = sourcecode.swift; path = Tweet.swift; sourceTree = "<group>"; };
		B79456AA1DC25158002DCC76 /* TwitterClient.swift */ = {isa = PBXFileReference; fileEncoding = 4; lastKnownFileType = sourcecode.swift; path = TwitterClient.swift; sourceTree = "<group>"; };
		B79456AC1DC25C16002DCC76 /* TweetsViewController.swift */ = {isa = PBXFileReference; fileEncoding = 4; lastKnownFileType = sourcecode.swift; path = TweetsViewController.swift; sourceTree = "<group>"; };
		B79456D51DC3069E002DCC76 /* Twitter.entitlements */ = {isa = PBXFileReference; lastKnownFileType = text.plist.entitlements; path = Twitter.entitlements; sourceTree = "<group>"; };
		B79456D71DC33E0A002DCC76 /* TweetTableViewCell.swift */ = {isa = PBXFileReference; fileEncoding = 4; lastKnownFileType = sourcecode.swift; path = TweetTableViewCell.swift; sourceTree = "<group>"; };
		B7F5AF031DC080B0001FDBD2 /* Twitter.app */ = {isa = PBXFileReference; explicitFileType = wrapper.application; includeInIndex = 0; path = Twitter.app; sourceTree = BUILT_PRODUCTS_DIR; };
		B7F5AF061DC080B0001FDBD2 /* AppDelegate.swift */ = {isa = PBXFileReference; lastKnownFileType = sourcecode.swift; path = AppDelegate.swift; sourceTree = "<group>"; };
		B7F5AF0B1DC080B0001FDBD2 /* Base */ = {isa = PBXFileReference; lastKnownFileType = file.storyboard; name = Base; path = Base.lproj/Main.storyboard; sourceTree = "<group>"; };
		B7F5AF0D1DC080B0001FDBD2 /* Assets.xcassets */ = {isa = PBXFileReference; lastKnownFileType = folder.assetcatalog; path = Assets.xcassets; sourceTree = "<group>"; };
		B7F5AF101DC080B0001FDBD2 /* Base */ = {isa = PBXFileReference; lastKnownFileType = file.storyboard; name = Base; path = Base.lproj/LaunchScreen.storyboard; sourceTree = "<group>"; };
		B7F5AF121DC080B0001FDBD2 /* Info.plist */ = {isa = PBXFileReference; lastKnownFileType = text.plist.xml; path = Info.plist; sourceTree = "<group>"; };
		B7F5AF181DC082A9001FDBD2 /* LoginViewController.swift */ = {isa = PBXFileReference; fileEncoding = 4; lastKnownFileType = sourcecode.swift; path = LoginViewController.swift; sourceTree = "<group>"; };
		E15890226D730777FA4F7E61 /* Pods-Twitter.release.xcconfig */ = {isa = PBXFileReference; includeInIndex = 1; lastKnownFileType = text.xcconfig; name = "Pods-Twitter.release.xcconfig"; path = "Pods/Target Support Files/Pods-Twitter/Pods-Twitter.release.xcconfig"; sourceTree = "<group>"; };
		E6B8B654CBC2A4CA873B23F8 /* Pods-Twitter.debug.xcconfig */ = {isa = PBXFileReference; includeInIndex = 1; lastKnownFileType = text.xcconfig; name = "Pods-Twitter.debug.xcconfig"; path = "Pods/Target Support Files/Pods-Twitter/Pods-Twitter.debug.xcconfig"; sourceTree = "<group>"; };
		F9A86DE73B4D76CC5776327A /* Pods_Twitter.framework */ = {isa = PBXFileReference; explicitFileType = wrapper.framework; includeInIndex = 0; path = Pods_Twitter.framework; sourceTree = BUILT_PRODUCTS_DIR; };
/* End PBXFileReference section */

/* Begin PBXFrameworksBuildPhase section */
		B7F5AF001DC080B0001FDBD2 /* Frameworks */ = {
			isa = PBXFrameworksBuildPhase;
			buildActionMask = 2147483647;
			files = (
				C5FCCC98C9498F1FEC0BB77E /* Pods_Twitter.framework in Frameworks */,
			);
			runOnlyForDeploymentPostprocessing = 0;
		};
/* End PBXFrameworksBuildPhase section */

/* Begin PBXGroup section */
		4BD797087774A83CB85EADE0 /* Pods */ = {
			isa = PBXGroup;
			children = (
				E6B8B654CBC2A4CA873B23F8 /* Pods-Twitter.debug.xcconfig */,
				E15890226D730777FA4F7E61 /* Pods-Twitter.release.xcconfig */,
			);
			name = Pods;
			sourceTree = "<group>";
		};
		779EFBFCE3489C37A2455AE8 /* Frameworks */ = {
			isa = PBXGroup;
			children = (
				F9A86DE73B4D76CC5776327A /* Pods_Twitter.framework */,
			);
			name = Frameworks;
			sourceTree = "<group>";
		};
		B79456A31DC1CC75002DCC76 /* Models */ = {
			isa = PBXGroup;
			children = (
				B79456A41DC1CC9F002DCC76 /* User.swift */,
				B79456A61DC1CDAE002DCC76 /* Tweet.swift */,
			);
			name = Models;
			sourceTree = "<group>";
		};
		B79456A81DC1CDB3002DCC76 /* View Controllers */ = {
			isa = PBXGroup;
			children = (
				B7F5AF181DC082A9001FDBD2 /* LoginViewController.swift */,
				B79456AC1DC25C16002DCC76 /* TweetsViewController.swift */,
				B72209461DC515D1000B446C /* SingleViewController.swift */,
				B72209481DC5162E000B446C /* ComposeViewController.swift */,
			);
			name = "View Controllers";
			sourceTree = "<group>";
		};
		B79456A91DC2513F002DCC76 /* API */ = {
			isa = PBXGroup;
			children = (
				B79456AA1DC25158002DCC76 /* TwitterClient.swift */,
			);
			name = API;
			sourceTree = "<group>";
		};
		B79456D61DC33DF0002DCC76 /* Views */ = {
			isa = PBXGroup;
			children = (
				B79456D71DC33E0A002DCC76 /* TweetTableViewCell.swift */,
				B700A4DE1DC8700F00DF6F95 /* InfiniteScrollActivityView.swift */,
			);
			name = Views;
			sourceTree = "<group>";
		};
		B7F5AEFA1DC080B0001FDBD2 = {
			isa = PBXGroup;
			children = (
				B7F5AF051DC080B0001FDBD2 /* Twitter */,
				B7F5AF041DC080B0001FDBD2 /* Products */,
				4BD797087774A83CB85EADE0 /* Pods */,
				779EFBFCE3489C37A2455AE8 /* Frameworks */,
			);
			sourceTree = "<group>";
		};
		B7F5AF041DC080B0001FDBD2 /* Products */ = {
			isa = PBXGroup;
			children = (
				B7F5AF031DC080B0001FDBD2 /* Twitter.app */,
			);
			name = Products;
			sourceTree = "<group>";
		};
		B7F5AF051DC080B0001FDBD2 /* Twitter */ = {
			isa = PBXGroup;
			children = (
				B79456D61DC33DF0002DCC76 /* Views */,
				B79456D51DC3069E002DCC76 /* Twitter.entitlements */,
				B79456A91DC2513F002DCC76 /* API */,
				B79456A81DC1CDB3002DCC76 /* View Controllers */,
				B79456A31DC1CC75002DCC76 /* Models */,
				B7F5AF061DC080B0001FDBD2 /* AppDelegate.swift */,
				B7F5AF0A1DC080B0001FDBD2 /* Main.storyboard */,
				B7F5AF0D1DC080B0001FDBD2 /* Assets.xcassets */,
				B7F5AF0F1DC080B0001FDBD2 /* LaunchScreen.storyboard */,
				B7F5AF121DC080B0001FDBD2 /* Info.plist */,
				B72209441DC50657000B446C /* NSDate+Relative.swift */,
			);
			path = Twitter;
			sourceTree = "<group>";
		};
/* End PBXGroup section */

/* Begin PBXNativeTarget section */
		B7F5AF021DC080B0001FDBD2 /* Twitter */ = {
			isa = PBXNativeTarget;
			buildConfigurationList = B7F5AF151DC080B0001FDBD2 /* Build configuration list for PBXNativeTarget "Twitter" */;
			buildPhases = (
				F295AB19042D31EABF0875C8 /* [CP] Check Pods Manifest.lock */,
				B7F5AEFF1DC080B0001FDBD2 /* Sources */,
				B7F5AF001DC080B0001FDBD2 /* Frameworks */,
				B7F5AF011DC080B0001FDBD2 /* Resources */,
				FE9117008B6F50413CD649CE /* [CP] Embed Pods Frameworks */,
				3ABC7E4CECEF37DB522A489B /* [CP] Copy Pods Resources */,
			);
			buildRules = (
			);
			dependencies = (
			);
			name = Twitter;
			productName = Twitter;
			productReference = B7F5AF031DC080B0001FDBD2 /* Twitter.app */;
			productType = "com.apple.product-type.application";
		};
/* End PBXNativeTarget section */

/* Begin PBXProject section */
		B7F5AEFB1DC080B0001FDBD2 /* Project object */ = {
			isa = PBXProject;
			attributes = {
				LastSwiftUpdateCheck = 0800;
				LastUpgradeCheck = 0800;
				ORGANIZATIONNAME = "Rahul Pandey";
				TargetAttributes = {
					B7F5AF021DC080B0001FDBD2 = {
						CreatedOnToolsVersion = 8.0;
						DevelopmentTeam = A43AQQ4797;
						ProvisioningStyle = Automatic;
						SystemCapabilities = {
							com.apple.Keychain = {
								enabled = 1;
							};
						};
					};
				};
			};
			buildConfigurationList = B7F5AEFE1DC080B0001FDBD2 /* Build configuration list for PBXProject "Twitter" */;
			compatibilityVersion = "Xcode 3.2";
			developmentRegion = English;
			hasScannedForEncodings = 0;
			knownRegions = (
				en,
				Base,
			);
			mainGroup = B7F5AEFA1DC080B0001FDBD2;
			productRefGroup = B7F5AF041DC080B0001FDBD2 /* Products */;
			projectDirPath = "";
			projectRoot = "";
			targets = (
				B7F5AF021DC080B0001FDBD2 /* Twitter */,
			);
		};
/* End PBXProject section */

/* Begin PBXResourcesBuildPhase section */
		B7F5AF011DC080B0001FDBD2 /* Resources */ = {
			isa = PBXResourcesBuildPhase;
			buildActionMask = 2147483647;
			files = (
				B7F5AF111DC080B0001FDBD2 /* LaunchScreen.storyboard in Resources */,
				B7F5AF0E1DC080B0001FDBD2 /* Assets.xcassets in Resources */,
				B7F5AF0C1DC080B0001FDBD2 /* Main.storyboard in Resources */,
			);
			runOnlyForDeploymentPostprocessing = 0;
		};
/* End PBXResourcesBuildPhase section */

/* Begin PBXShellScriptBuildPhase section */
		3ABC7E4CECEF37DB522A489B /* [CP] Copy Pods Resources */ = {
			isa = PBXShellScriptBuildPhase;
			buildActionMask = 2147483647;
			files = (
			);
			inputPaths = (
			);
			name = "[CP] Copy Pods Resources";
			outputPaths = (
			);
			runOnlyForDeploymentPostprocessing = 0;
			shellPath = /bin/sh;
			shellScript = "\"${SRCROOT}/Pods/Target Support Files/Pods-Twitter/Pods-Twitter-resources.sh\"\n";
			showEnvVarsInLog = 0;
		};
		F295AB19042D31EABF0875C8 /* [CP] Check Pods Manifest.lock */ = {
			isa = PBXShellScriptBuildPhase;
			buildActionMask = 2147483647;
			files = (
			);
			inputPaths = (
			);
			name = "[CP] Check Pods Manifest.lock";
			outputPaths = (
			);
			runOnlyForDeploymentPostprocessing = 0;
			shellPath = /bin/sh;
			shellScript = "diff \"${PODS_ROOT}/../Podfile.lock\" \"${PODS_ROOT}/Manifest.lock\" > /dev/null\nif [ $? != 0 ] ; then\n    # print error to STDERR\n    echo \"error: The sandbox is not in sync with the Podfile.lock. Run 'pod install' or update your CocoaPods installation.\" >&2\n    exit 1\nfi\n";
			showEnvVarsInLog = 0;
		};
		FE9117008B6F50413CD649CE /* [CP] Embed Pods Frameworks */ = {
			isa = PBXShellScriptBuildPhase;
			buildActionMask = 2147483647;
			files = (
			);
			inputPaths = (
			);
			name = "[CP] Embed Pods Frameworks";
			outputPaths = (
			);
			runOnlyForDeploymentPostprocessing = 0;
			shellPath = /bin/sh;
			shellScript = "\"${SRCROOT}/Pods/Target Support Files/Pods-Twitter/Pods-Twitter-frameworks.sh\"\n";
			showEnvVarsInLog = 0;
		};
/* End PBXShellScriptBuildPhase section */

/* Begin PBXSourcesBuildPhase section */
		B7F5AEFF1DC080B0001FDBD2 /* Sources */ = {
			isa = PBXSourcesBuildPhase;
			buildActionMask = 2147483647;
			files = (
				B79456A51DC1CCA0002DCC76 /* User.swift in Sources */,
				B79456A71DC1CDAE002DCC76 /* Tweet.swift in Sources */,
				B7F5AF191DC082A9001FDBD2 /* LoginViewController.swift in Sources */,
				B72209471DC515D1000B446C /* SingleViewController.swift in Sources */,
				B79456AD1DC25C16002DCC76 /* TweetsViewController.swift in Sources */,
				B700A4DF1DC8700F00DF6F95 /* InfiniteScrollActivityView.swift in Sources */,
				B72209491DC5162E000B446C /* ComposeViewController.swift in Sources */,
				B72209451DC50657000B446C /* NSDate+Relative.swift in Sources */,
				B79456AB1DC25158002DCC76 /* TwitterClient.swift in Sources */,
				B7F5AF071DC080B0001FDBD2 /* AppDelegate.swift in Sources */,
				B79456D81DC33E0A002DCC76 /* TweetTableViewCell.swift in Sources */,
			);
			runOnlyForDeploymentPostprocessing = 0;
		};
/* End PBXSourcesBuildPhase section */

/* Begin PBXVariantGroup section */
		B7F5AF0A1DC080B0001FDBD2 /* Main.storyboard */ = {
			isa = PBXVariantGroup;
			children = (
				B7F5AF0B1DC080B0001FDBD2 /* Base */,
			);
			name = Main.storyboard;
			sourceTree = "<group>";
		};
		B7F5AF0F1DC080B0001FDBD2 /* LaunchScreen.storyboard */ = {
			isa = PBXVariantGroup;
			children = (
				B7F5AF101DC080B0001FDBD2 /* Base */,
			);
			name = LaunchScreen.storyboard;
			sourceTree = "<group>";
		};
/* End PBXVariantGroup section */

/* Begin XCBuildConfiguration section */
		B7F5AF131DC080B0001FDBD2 /* Debug */ = {
			isa = XCBuildConfiguration;
			buildSettings = {
				ALWAYS_SEARCH_USER_PATHS = NO;
				CLANG_ANALYZER_NONNULL = YES;
				CLANG_CXX_LANGUAGE_STANDARD = "gnu++0x";
				CLANG_CXX_LIBRARY = "libc++";
				CLANG_ENABLE_MODULES = YES;
				CLANG_ENABLE_OBJC_ARC = YES;
				CLANG_WARN_BOOL_CONVERSION = YES;
				CLANG_WARN_CONSTANT_CONVERSION = YES;
				CLANG_WARN_DIRECT_OBJC_ISA_USAGE = YES_ERROR;
				CLANG_WARN_DOCUMENTATION_COMMENTS = YES;
				CLANG_WARN_EMPTY_BODY = YES;
				CLANG_WARN_ENUM_CONVERSION = YES;
				CLANG_WARN_INFINITE_RECURSION = YES;
				CLANG_WARN_INT_CONVERSION = YES;
				CLANG_WARN_OBJC_ROOT_CLASS = YES_ERROR;
				CLANG_WARN_SUSPICIOUS_MOVES = YES;
				CLANG_WARN_UNREACHABLE_CODE = YES;
				CLANG_WARN__DUPLICATE_METHOD_MATCH = YES;
				"CODE_SIGN_IDENTITY[sdk=iphoneos*]" = "iPhone Developer";
				COPY_PHASE_STRIP = NO;
				DEBUG_INFORMATION_FORMAT = dwarf;
				ENABLE_STRICT_OBJC_MSGSEND = YES;
				ENABLE_TESTABILITY = YES;
				GCC_C_LANGUAGE_STANDARD = gnu99;
				GCC_DYNAMIC_NO_PIC = NO;
				GCC_NO_COMMON_BLOCKS = YES;
				GCC_OPTIMIZATION_LEVEL = 0;
				GCC_PREPROCESSOR_DEFINITIONS = (
					"DEBUG=1",
					"$(inherited)",
				);
				GCC_WARN_64_TO_32_BIT_CONVERSION = YES;
				GCC_WARN_ABOUT_RETURN_TYPE = YES_ERROR;
				GCC_WARN_UNDECLARED_SELECTOR = YES;
				GCC_WARN_UNINITIALIZED_AUTOS = YES_AGGRESSIVE;
				GCC_WARN_UNUSED_FUNCTION = YES;
				GCC_WARN_UNUSED_VARIABLE = YES;
				IPHONEOS_DEPLOYMENT_TARGET = 10.0;
				MTL_ENABLE_DEBUG_INFO = YES;
				ONLY_ACTIVE_ARCH = YES;
				SDKROOT = iphoneos;
				SWIFT_ACTIVE_COMPILATION_CONDITIONS = DEBUG;
				SWIFT_OPTIMIZATION_LEVEL = "-Onone";
			};
			name = Debug;
		};
		B7F5AF141DC080B0001FDBD2 /* Release */ = {
			isa = XCBuildConfiguration;
			buildSettings = {
				ALWAYS_SEARCH_USER_PATHS = NO;
				CLANG_ANALYZER_NONNULL = YES;
				CLANG_CXX_LANGUAGE_STANDARD = "gnu++0x";
				CLANG_CXX_LIBRARY = "libc++";
				CLANG_ENABLE_MODULES = YES;
				CLANG_ENABLE_OBJC_ARC = YES;
				CLANG_WARN_BOOL_CONVERSION = YES;
				CLANG_WARN_CONSTANT_CONVERSION = YES;
				CLANG_WARN_DIRECT_OBJC_ISA_USAGE = YES_ERROR;
				CLANG_WARN_DOCUMENTATION_COMMENTS = YES;
				CLANG_WARN_EMPTY_BODY = YES;
				CLANG_WARN_ENUM_CONVERSION = YES;
				CLANG_WARN_INFINITE_RECURSION = YES;
				CLANG_WARN_INT_CONVERSION = YES;
				CLANG_WARN_OBJC_ROOT_CLASS = YES_ERROR;
				CLANG_WARN_SUSPICIOUS_MOVES = YES;
				CLANG_WARN_UNREACHABLE_CODE = YES;
				CLANG_WARN__DUPLICATE_METHOD_MATCH = YES;
				"CODE_SIGN_IDENTITY[sdk=iphoneos*]" = "iPhone Developer";
				COPY_PHASE_STRIP = NO;
				DEBUG_INFORMATION_FORMAT = "dwarf-with-dsym";
				ENABLE_NS_ASSERTIONS = NO;
				ENABLE_STRICT_OBJC_MSGSEND = YES;
				GCC_C_LANGUAGE_STANDARD = gnu99;
				GCC_NO_COMMON_BLOCKS = YES;
				GCC_WARN_64_TO_32_BIT_CONVERSION = YES;
				GCC_WARN_ABOUT_RETURN_TYPE = YES_ERROR;
				GCC_WARN_UNDECLARED_SELECTOR = YES;
				GCC_WARN_UNINITIALIZED_AUTOS = YES_AGGRESSIVE;
				GCC_WARN_UNUSED_FUNCTION = YES;
				GCC_WARN_UNUSED_VARIABLE = YES;
				IPHONEOS_DEPLOYMENT_TARGET = 10.0;
				MTL_ENABLE_DEBUG_INFO = NO;
				SDKROOT = iphoneos;
				SWIFT_OPTIMIZATION_LEVEL = "-Owholemodule";
				VALIDATE_PRODUCT = YES;
			};
			name = Release;
		};
		B7F5AF161DC080B0001FDBD2 /* Debug */ = {
			isa = XCBuildConfiguration;
			baseConfigurationReference = E6B8B654CBC2A4CA873B23F8 /* Pods-Twitter.debug.xcconfig */;
			buildSettings = {
				ASSETCATALOG_COMPILER_APPICON_NAME = AppIcon;
				CODE_SIGN_ENTITLEMENTS = Twitter/Twitter.entitlements;
				DEVELOPMENT_TEAM = A43AQQ4797;
				INFOPLIST_FILE = Twitter/Info.plist;
				LD_RUNPATH_SEARCH_PATHS = "$(inherited) @executable_path/Frameworks";
				PRODUCT_BUNDLE_IDENTIFIER = com.rkpandey.Twitter;
				PRODUCT_NAME = "$(TARGET_NAME)";
				SWIFT_VERSION = 3.0;
			};
			name = Debug;
		};
		B7F5AF171DC080B0001FDBD2 /* Release */ = {
			isa = XCBuildConfiguration;
			baseConfigurationReference = E15890226D730777FA4F7E61 /* Pods-Twitter.release.xcconfig */;
			buildSettings = {
				ASSETCATALOG_COMPILER_APPICON_NAME = AppIcon;
				CODE_SIGN_ENTITLEMENTS = Twitter/Twitter.entitlements;
				DEVELOPMENT_TEAM = A43AQQ4797;
				INFOPLIST_FILE = Twitter/Info.plist;
				LD_RUNPATH_SEARCH_PATHS = "$(inherited) @executable_path/Frameworks";
				PRODUCT_BUNDLE_IDENTIFIER = com.rkpandey.Twitter;
				PRODUCT_NAME = "$(TARGET_NAME)";
				SWIFT_VERSION = 3.0;
			};
			name = Release;
		};
/* End XCBuildConfiguration section */

/* Begin XCConfigurationList section */
		B7F5AEFE1DC080B0001FDBD2 /* Build configuration list for PBXProject "Twitter" */ = {
			isa = XCConfigurationList;
			buildConfigurations = (
				B7F5AF131DC080B0001FDBD2 /* Debug */,
				B7F5AF141DC080B0001FDBD2 /* Release */,
			);
			defaultConfigurationIsVisible = 0;
			defaultConfigurationName = Release;
		};
		B7F5AF151DC080B0001FDBD2 /* Build configuration list for PBXNativeTarget "Twitter" */ = {
			isa = XCConfigurationList;
			buildConfigurations = (
				B7F5AF161DC080B0001FDBD2 /* Debug */,
				B7F5AF171DC080B0001FDBD2 /* Release */,
			);
			defaultConfigurationIsVisible = 0;
			defaultConfigurationName = Release;
		};
/* End XCConfigurationList section */
	};
	rootObject = B7F5AEFB1DC080B0001FDBD2 /* Project object */;
}
